
Microsoft Visual Studio Solution File, Format Version 12.00
# Visual Studio 15
VisualStudioVersion = 15.0.28307.1525
MinimumVisualStudioVersion = 10.0.40219.1
Project("{8BC9CEB8-8B4A-11D0-8D11-00A0C91BC942}") = "Generic", "Generic\Generic.vcxproj", "{771615BF-2634-4AE5-9951-97561AEF58F7}"
EndProject
Project("{8BC9CEB8-8B4A-11D0-8D11-00A0C91BC942}") = "MFCCON", "MFCCON\MFCCON.vcxproj", "{7BCB5921-33FF-4806-B703-E429C3F6B669}"
EndProject
Project("{8BC9CEB8-8B4A-11D0-8D11-00A0C91BC942}") = "MLTITHRD.01", "MLTITHRD.01\MLTITHRD.01.vcxproj", "{48A8D9B0-3DD4-4530-8E1B-6F2E541CCAAE}"
EndProject
Project("{8BC9CEB8-8B4A-11D0-8D11-00A0C91BC942}") = "SIZEOF.02", "SIZEOF.02\SIZEOF.02.vcxproj", "{B73567AD-1D2F-41A0-B9B2-8FF924B14D74}"
EndProject
Project("{8BC9CEB8-8B4A-11D0-8D11-00A0C91BC942}") = "RTTI.02", "RTTI.02\RTTI.02.vcxproj", "{592D12BA-CB40-48F0-B622-AA657C5F5076}"
EndProject
Project("{8BC9CEB8-8B4A-11D0-8D11-00A0C91BC942}") = "FRAME1.03", "FRAME1.03\FRAME1.03.vcxproj", "{2BC76D51-BEBA-4E73-9CAD-4F281822A040}"
EndProject
Project("{8BC9CEB8-8B4A-11D0-8D11-00A0C91BC942}") = "FRAME2.03", "FRAME2.03\FRAME2.03.vcxproj", "{E7F6E517-B400-4A15-971A-D1B85F793964}"
EndProject
Project("{8BC9CEB8-8B4A-11D0-8D11-00A0C91BC942}") = "FRAME3.03", "FRAME3.03\FRAME3.03.vcxproj", "{37B799CF-B944-427E-81B0-D95B5AA56E92}"
EndProject
Project("{8BC9CEB8-8B4A-11D0-8D11-00A0C91BC942}") = "类的静态成员变量何时初始化", "类的静态成员变量何时初始化\类的静态成员变量何时初始化.vcxproj", "{591CAFC2-4272-47EB-A9A4-2A4C321618C4}"
EndProject
Project("{8BC9CEB8-8B4A-11D0-8D11-00A0C91BC942}") = "FRAME3.04", "FRAME3.04\FRAME3.04.vcxproj", "{D7337489-E13E-41C5-B53B-B0B0ADE84A63}"
EndProject
Project("{8BC9CEB8-8B4A-11D0-8D11-00A0C91BC942}") = "含有静态成员变量的结构体初始化", "含有静态成员变量的结构体初始化\含有静态成员变量的结构体初始化.vcxproj", "{3B436282-5616-4C61-AA49-1B99D764A6B0}"
EndProject
Project("{8BC9CEB8-8B4A-11D0-8D11-00A0C91BC942}") = "FRAME3.06", "FRAME6.03\FRAME6.03.vcxproj", "{6E1FBE9B-0A80-4335-BE21-BFA3E9B544BC}"
EndProject
Global
	GlobalSection(SolutionConfigurationPlatforms) = preSolution
		Debug|x64 = Debug|x64
		Debug|x86 = Debug|x86
		Release|x64 = Release|x64
		Release|x86 = Release|x86
	EndGlobalSection
	GlobalSection(ProjectConfigurationPlatforms) = postSolution
		{771615BF-2634-4AE5-9951-97561AEF58F7}.Debug|x64.ActiveCfg = Debug|x64
		{771615BF-2634-4AE5-9951-97561AEF58F7}.Debug|x64.Build.0 = Debug|x64
		{771615BF-2634-4AE5-9951-97561AEF58F7}.Debug|x86.ActiveCfg = Debug|Win32
		{771615BF-2634-4AE5-9951-97561AEF58F7}.Debug|x86.Build.0 = Debug|Win32
		{771615BF-2634-4AE5-9951-97561AEF58F7}.Release|x64.ActiveCfg = Release|x64
		{771615BF-2634-4AE5-9951-97561AEF58F7}.Release|x64.Build.0 = Release|x64
		{771615BF-2634-4AE5-9951-97561AEF58F7}.Release|x86.ActiveCfg = Release|Win32
		{771615BF-2634-4AE5-9951-97561AEF58F7}.Release|x86.Build.0 = Release|Win32
		{7BCB5921-33FF-4806-B703-E429C3F6B669}.Debug|x64.ActiveCfg = Debug|x64
		{7BCB5921-33FF-4806-B703-E429C3F6B669}.Debug|x64.Build.0 = Debug|x64
		{7BCB5921-33FF-4806-B703-E429C3F6B669}.Debug|x86.ActiveCfg = Debug|Win32
		{7BCB5921-33FF-4806-B703-E429C3F6B669}.Debug|x86.Build.0 = Debug|Win32
		{7BCB5921-33FF-4806-B703-E429C3F6B669}.Release|x64.ActiveCfg = Release|x64
		{7BCB5921-33FF-4806-B703-E429C3F6B669}.Release|x64.Build.0 = Release|x64
		{7BCB5921-33FF-4806-B703-E429C3F6B669}.Release|x86.ActiveCfg = Release|Win32
		{7BCB5921-33FF-4806-B703-E429C3F6B669}.Release|x86.Build.0 = Release|Win32
		{48A8D9B0-3DD4-4530-8E1B-6F2E541CCAAE}.Debug|x64.ActiveCfg = Debug|x64
		{48A8D9B0-3DD4-4530-8E1B-6F2E541CCAAE}.Debug|x64.Build.0 = Debug|x64
		{48A8D9B0-3DD4-4530-8E1B-6F2E541CCAAE}.Debug|x86.ActiveCfg = Debug|Win32
		{48A8D9B0-3DD4-4530-8E1B-6F2E541CCAAE}.Debug|x86.Build.0 = Debug|Win32
		{48A8D9B0-3DD4-4530-8E1B-6F2E541CCAAE}.Release|x64.ActiveCfg = Release|x64
		{48A8D9B0-3DD4-4530-8E1B-6F2E541CCAAE}.Release|x64.Build.0 = Release|x64
		{48A8D9B0-3DD4-4530-8E1B-6F2E541CCAAE}.Release|x86.ActiveCfg = Release|Win32
		{48A8D9B0-3DD4-4530-8E1B-6F2E541CCAAE}.Release|x86.Build.0 = Release|Win32
		{B73567AD-1D2F-41A0-B9B2-8FF924B14D74}.Debug|x64.ActiveCfg = Debug|x64
		{B73567AD-1D2F-41A0-B9B2-8FF924B14D74}.Debug|x64.Build.0 = Debug|x64
		{B73567AD-1D2F-41A0-B9B2-8FF924B14D74}.Debug|x86.ActiveCfg = Debug|Win32
		{B73567AD-1D2F-41A0-B9B2-8FF924B14D74}.Debug|x86.Build.0 = Debug|Win32
		{B73567AD-1D2F-41A0-B9B2-8FF924B14D74}.Release|x64.ActiveCfg = Release|x64
		{B73567AD-1D2F-41A0-B9B2-8FF924B14D74}.Release|x64.Build.0 = Release|x64
		{B73567AD-1D2F-41A0-B9B2-8FF924B14D74}.Release|x86.ActiveCfg = Release|Win32
		{B73567AD-1D2F-41A0-B9B2-8FF924B14D74}.Release|x86.Build.0 = Release|Win32
		{592D12BA-CB40-48F0-B622-AA657C5F5076}.Debug|x64.ActiveCfg = Debug|x64
		{592D12BA-CB40-48F0-B622-AA657C5F5076}.Debug|x64.Build.0 = Debug|x64
		{592D12BA-CB40-48F0-B622-AA657C5F5076}.Debug|x86.ActiveCfg = Debug|Win32
		{592D12BA-CB40-48F0-B622-AA657C5F5076}.Debug|x86.Build.0 = Debug|Win32
		{592D12BA-CB40-48F0-B622-AA657C5F5076}.Release|x64.ActiveCfg = Release|x64
		{592D12BA-CB40-48F0-B622-AA657C5F5076}.Release|x64.Build.0 = Release|x64
		{592D12BA-CB40-48F0-B622-AA657C5F5076}.Release|x86.ActiveCfg = Release|Win32
		{592D12BA-CB40-48F0-B622-AA657C5F5076}.Release|x86.Build.0 = Release|Win32
		{2BC76D51-BEBA-4E73-9CAD-4F281822A040}.Debug|x64.ActiveCfg = Debug|x64
		{2BC76D51-BEBA-4E73-9CAD-4F281822A040}.Debug|x64.Build.0 = Debug|x64
		{2BC76D51-BEBA-4E73-9CAD-4F281822A040}.Debug|x86.ActiveCfg = Debug|Win32
		{2BC76D51-BEBA-4E73-9CAD-4F281822A040}.Debug|x86.Build.0 = Debug|Win32
		{2BC76D51-BEBA-4E73-9CAD-4F281822A040}.Release|x64.ActiveCfg = Release|x64
		{2BC76D51-BEBA-4E73-9CAD-4F281822A040}.Release|x64.Build.0 = Release|x64
		{2BC76D51-BEBA-4E73-9CAD-4F281822A040}.Release|x86.ActiveCfg = Release|Win32
		{2BC76D51-BEBA-4E73-9CAD-4F281822A040}.Release|x86.Build.0 = Release|Win32
		{E7F6E517-B400-4A15-971A-D1B85F793964}.Debug|x64.ActiveCfg = Debug|x64
		{E7F6E517-B400-4A15-971A-D1B85F793964}.Debug|x64.Build.0 = Debug|x64
		{E7F6E517-B400-4A15-971A-D1B85F793964}.Debug|x86.ActiveCfg = Debug|Win32
		{E7F6E517-B400-4A15-971A-D1B85F793964}.Debug|x86.Build.0 = Debug|Win32
		{E7F6E517-B400-4A15-971A-D1B85F793964}.Release|x64.ActiveCfg = Release|x64
		{E7F6E517-B400-4A15-971A-D1B85F793964}.Release|x64.Build.0 = Release|x64
		{E7F6E517-B400-4A15-971A-D1B85F793964}.Release|x86.ActiveCfg = Release|Win32
		{E7F6E517-B400-4A15-971A-D1B85F793964}.Release|x86.Build.0 = Release|Win32
		{37B799CF-B944-427E-81B0-D95B5AA56E92}.Debug|x64.ActiveCfg = Debug|x64
		{37B799CF-B944-427E-81B0-D95B5AA56E92}.Debug|x64.Build.0 = Debug|x64
		{37B799CF-B944-427E-81B0-D95B5AA56E92}.Debug|x86.ActiveCfg = Debug|Win32
		{37B799CF-B944-427E-81B0-D95B5AA56E92}.Debug|x86.Build.0 = Debug|Win32
		{37B799CF-B944-427E-81B0-D95B5AA56E92}.Release|x64.ActiveCfg = Release|x64
		{37B799CF-B944-427E-81B0-D95B5AA56E92}.Release|x64.Build.0 = Release|x64
		{37B799CF-B944-427E-81B0-D95B5AA56E92}.Release|x86.ActiveCfg = Release|Win32
		{37B799CF-B944-427E-81B0-D95B5AA56E92}.Release|x86.Build.0 = Release|Win32
		{591CAFC2-4272-47EB-A9A4-2A4C321618C4}.Debug|x64.ActiveCfg = Debug|x64
		{591CAFC2-4272-47EB-A9A4-2A4C321618C4}.Debug|x64.Build.0 = Debug|x64
		{591CAFC2-4272-47EB-A9A4-2A4C321618C4}.Debug|x86.ActiveCfg = Debug|Win32
		{591CAFC2-4272-47EB-A9A4-2A4C321618C4}.Debug|x86.Build.0 = Debug|Win32
		{591CAFC2-4272-47EB-A9A4-2A4C321618C4}.Release|x64.ActiveCfg = Release|x64
		{591CAFC2-4272-47EB-A9A4-2A4C321618C4}.Release|x64.Build.0 = Release|x64
		{591CAFC2-4272-47EB-A9A4-2A4C321618C4}.Release|x86.ActiveCfg = Release|Win32
		{591CAFC2-4272-47EB-A9A4-2A4C321618C4}.Release|x86.Build.0 = Release|Win32
		{D7337489-E13E-41C5-B53B-B0B0ADE84A63}.Debug|x64.ActiveCfg = Debug|x64
		{D7337489-E13E-41C5-B53B-B0B0ADE84A63}.Debug|x64.Build.0 = Debug|x64
		{D7337489-E13E-41C5-B53B-B0B0ADE84A63}.Debug|x86.ActiveCfg = Debug|Win32
		{D7337489-E13E-41C5-B53B-B0B0ADE84A63}.Debug|x86.Build.0 = Debug|Win32
		{D7337489-E13E-41C5-B53B-B0B0ADE84A63}.Release|x64.ActiveCfg = Release|x64
		{D7337489-E13E-41C5-B53B-B0B0ADE84A63}.Release|x64.Build.0 = Release|x64
		{D7337489-E13E-41C5-B53B-B0B0ADE84A63}.Release|x86.ActiveCfg = Release|Win32
		{D7337489-E13E-41C5-B53B-B0B0ADE84A63}.Release|x86.Build.0 = Release|Win32
		{3B436282-5616-4C61-AA49-1B99D764A6B0}.Debug|x64.ActiveCfg = Debug|x64
		{3B436282-5616-4C61-AA49-1B99D764A6B0}.Debug|x64.Build.0 = Debug|x64
		{3B436282-5616-4C61-AA49-1B99D764A6B0}.Debug|x86.ActiveCfg = Debug|Win32
		{3B436282-5616-4C61-AA49-1B99D764A6B0}.Debug|x86.Build.0 = Debug|Win32
		{3B436282-5616-4C61-AA49-1B99D764A6B0}.Release|x64.ActiveCfg = Release|x64
		{3B436282-5616-4C61-AA49-1B99D764A6B0}.Release|x64.Build.0 = Release|x64
		{3B436282-5616-4C61-AA49-1B99D764A6B0}.Release|x86.ActiveCfg = Release|Win32
		{3B436282-5616-4C61-AA49-1B99D764A6B0}.Release|x86.Build.0 = Release|Win32
		{6E1FBE9B-0A80-4335-BE21-BFA3E9B544BC}.Debug|x64.ActiveCfg = Debug|x64
		{6E1FBE9B-0A80-4335-BE21-BFA3E9B544BC}.Debug|x64.Build.0 = Debug|x64
		{6E1FBE9B-0A80-4335-BE21-BFA3E9B544BC}.Debug|x86.ActiveCfg = Debug|Win32
		{6E1FBE9B-0A80-4335-BE21-BFA3E9B544BC}.Debug|x86.Build.0 = Debug|Win32
		{6E1FBE9B-0A80-4335-BE21-BFA3E9B544BC}.Release|x64.ActiveCfg = Release|x64
		{6E1FBE9B-0A80-4335-BE21-BFA3E9B544BC}.Release|x64.Build.0 = Release|x64
		{6E1FBE9B-0A80-4335-BE21-BFA3E9B544BC}.Release|x86.ActiveCfg = Release|Win32
		{6E1FBE9B-0A80-4335-BE21-BFA3E9B544BC}.Release|x86.Build.0 = Release|Win32
	EndGlobalSection
	GlobalSection(SolutionProperties) = preSolution
		HideSolutionNode = FALSE
	EndGlobalSection
	GlobalSection(ExtensibilityGlobals) = postSolution
		SolutionGuid = {3996ED28-35C4-4CAA-AB19-D0F4848CD63F}
	EndGlobalSection
EndGlobal
