
Microsoft Visual Studio Solution File, Format Version 12.00
# Visual Studio 15
VisualStudioVersion = 15.0.28307.1525
MinimumVisualStudioVersion = 10.0.40219.1
Project("{8BC9CEB8-8B4A-11D0-8D11-00A0C91BC942}") = "Generic", "Generic\Generic.vcxproj", "{771615BF-2634-4AE5-9951-97561AEF58F7}"
EndProject
Project("{8BC9CEB8-8B4A-11D0-8D11-00A0C91BC942}") = "MFCCON", "MFCCON\MFCCON.vcxproj", "{7BCB5921-33FF-4806-B703-E429C3F6B669}"
EndProject
Project("{8BC9CEB8-8B4A-11D0-8D11-00A0C91BC942}") = "MLTITHRD.01", "MLTITHRD.01\MLTITHRD.01.vcxproj", "{48A8D9B0-3DD4-4530-8E1B-6F2E541CCAAE}"
EndProject
Project("{8BC9CEB8-8B4A-11D0-8D11-00A0C91BC942}") = "SIZEOF.02", "SIZEOF.02\SIZEOF.02.vcxproj", "{B73567AD-1D2F-41A0-B9B2-8FF924B14D74}"
EndProject
Project("{8BC9CEB8-8B4A-11D0-8D11-00A0C91BC942}") = "RTTI.02", "RTTI.02\RTTI.02.vcxproj", "{592D12BA-CB40-48F0-B622-AA657C5F5076}"
EndProject
Project("{8BC9CEB8-8B4A-11D0-8D11-00A0C91BC942}") = "FRAME1.03", "FRAME1.03\FRAME1.03.vcxproj", "{2BC76D51-BEBA-4E73-9CAD-4F281822A040}"
EndProject
Project("{8BC9CEB8-8B4A-11D0-8D11-00A0C91BC942}") = "FRAME2.03", "FRAME2.03\FRAME2.03.vcxproj", "{E7F6E517-B400-4A15-971A-D1B85F793964}"
EndProject
Project("{8BC9CEB8-8B4A-11D0-8D11-00A0C91BC942}") = "FRAME3.03", "FRAME3.03\FRAME3.03.vcxproj", "{37B799CF-B944-427E-81B0-D95B5AA56E92}"
EndProject
Project("{8BC9CEB8-8B4A-11D0-8D11-00A0C91BC942}") = "类的静态成员变量何时初始化", "类的静态成员变量何时初始化\类的静态成员变量何时初始化.vcxproj", "{591CAFC2-4272-47EB-A9A4-2A4C321618C4}"
EndProject
Project("{8BC9CEB8-8B4A-11D0-8D11-00A0C91BC942}") = "FRAME3.04", "FRAME3.04\FRAME3.04.vcxproj", "{D7337489-E13E-41C5-B53B-B0B0ADE84A63}"
EndProject
Project("{8BC9CEB8-8B4A-11D0-8D11-00A0C91BC942}") = "含有静态成员变量的结构体初始化", "含有静态成员变量的结构体初始化\含有静态成员变量的结构体初始化.vcxproj", "{3B436282-5616-4C61-AA49-1B99D764A6B0}"
EndProject
Project("{8BC9CEB8-8B4A-11D0-8D11-00A0C91BC942}") = "FRAME6.03", "FRAME3.06\FRAME6.03.vcxproj", "{6E1FBE9B-0A80-4335-BE21-BFA3E9B544BC}"
EndProject
Project("{8BC9CEB8-8B4A-11D0-8D11-00A0C91BC942}") = "类中成员变量的初始化顺序", "类中成员变量的初始化顺序\类中成员变量的初始化顺序.vcxproj", "{4B6D31D6-8593-484D-9374-1AC22B9E22D7}"
EndProject
Project("{8BC9CEB8-8B4A-11D0-8D11-00A0C91BC942}") = "FRAME7.03", "FRAME7.03\FRAME7.03.vcxproj", "{A64D207D-8792-40D1-8C32-F50DD8A16B87}"
EndProject
Project("{8BC9CEB8-8B4A-11D0-8D11-00A0C91BC942}") = "FRAME8.03", "FRAME8.03\FRAME8.03.vcxproj", "{EDE656E8-8E57-4C71-91FC-9103AF136A22}"
EndProject
Project("{8BC9CEB8-8B4A-11D0-8D11-00A0C91BC942}") = "单例模式", "单例模式\单例模式.vcxproj", "{6D0AB59F-71ED-427E-B78F-C12849227797}"
EndProject
Project("{8BC9CEB8-8B4A-11D0-8D11-00A0C91BC942}") = "HELLO.06", "HELLO.06\HELLO.06.vcxproj", "{518F8EC0-29EC-4D66-8381-F68868703318}"
EndProject
Project("{8BC9CEB8-8B4A-11D0-8D11-00A0C91BC942}") = "Scribble_step1(增加序列化)", "Scribble\STEP1\Scribble.vcxproj", "{4F72769F-04E7-43A9-9A8D-8B9ED734FE38}"
EndProject
Project("{8BC9CEB8-8B4A-11D0-8D11-00A0C91BC942}") = "Hook", "Hook\Hook.vcxproj", "{34CF4E36-599E-42AD-920F-75C3E722D6CF}"
EndProject
Project("{8BC9CEB8-8B4A-11D0-8D11-00A0C91BC942}") = "强制类型转换", "强制类型转换\强制类型转换.vcxproj", "{A1AA7D9A-A838-41C1-BF69-2F2589F5945E}"
EndProject
Project("{8BC9CEB8-8B4A-11D0-8D11-00A0C91BC942}") = "函数指针的强制类型转换", "函数指针的强制类型转换\函数指针的强制类型转换.vcxproj", "{58DDBE4F-4E4D-430B-82C9-99E8519189BE}"
EndProject
Project("{8BC9CEB8-8B4A-11D0-8D11-00A0C91BC942}") = "Scribble_step2(增加菜单命令)", "Scribble\STEP2\Scribble_step2.vcxproj", "{7440F877-76BB-47DA-BFD8-9E24309CAFBD}"
EndProject
Project("{8BC9CEB8-8B4A-11D0-8D11-00A0C91BC942}") = "Scribble_step3(调用对话框)", "Scribble\STEP3\Scribble_step3.vcxproj", "{CD6F8C31-A838-4B98-9730-447231A51AA8}"
EndProject
Project("{8BC9CEB8-8B4A-11D0-8D11-00A0C91BC942}") = "Scribble_step4(多窗口同步更新及滚动)", "Scribble\STEP4\Scribble_step4.vcxproj", "{32B217D8-768A-4D79-ADBB-357622B4EDDE}"
EndProject
Project("{8BC9CEB8-8B4A-11D0-8D11-00A0C91BC942}") = "Scribble_step5(打印与打印预览)", "Scribble\STEP5\Scribble_Step5.vcxproj", "{A97C32F8-A121-4284-B82D-2FC021F8BD0B}"
EndProject
Project("{8BC9CEB8-8B4A-11D0-8D11-00A0C91BC942}") = "数组作为函数形式参数", "数组作为函数形式参数\数组作为函数形式参数.vcxproj", "{7964BFCC-88CE-487B-B82A-B9CDD63EDF2F}"
EndProject
Global
	GlobalSection(SolutionConfigurationPlatforms) = preSolution
		Debug|Win32 = Debug|Win32
		Debug|x64 = Debug|x64
		Debug|x86 = Debug|x86
		Release|Win32 = Release|Win32
		Release|x64 = Release|x64
		Release|x86 = Release|x86
		Template|Win32 = Template|Win32
		Template|x64 = Template|x64
		Template|x86 = Template|x86
	EndGlobalSection
	GlobalSection(ProjectConfigurationPlatforms) = postSolution
		{771615BF-2634-4AE5-9951-97561AEF58F7}.Debug|Win32.ActiveCfg = Debug|Win32
		{771615BF-2634-4AE5-9951-97561AEF58F7}.Debug|Win32.Build.0 = Debug|Win32
		{771615BF-2634-4AE5-9951-97561AEF58F7}.Debug|x64.ActiveCfg = Debug|x64
		{771615BF-2634-4AE5-9951-97561AEF58F7}.Debug|x64.Build.0 = Debug|x64
		{771615BF-2634-4AE5-9951-97561AEF58F7}.Debug|x86.ActiveCfg = Debug|Win32
		{771615BF-2634-4AE5-9951-97561AEF58F7}.Debug|x86.Build.0 = Debug|Win32
		{771615BF-2634-4AE5-9951-97561AEF58F7}.Release|Win32.ActiveCfg = Release|Win32
		{771615BF-2634-4AE5-9951-97561AEF58F7}.Release|Win32.Build.0 = Release|Win32
		{771615BF-2634-4AE5-9951-97561AEF58F7}.Release|x64.ActiveCfg = Release|x64
		{771615BF-2634-4AE5-9951-97561AEF58F7}.Release|x64.Build.0 = Release|x64
		{771615BF-2634-4AE5-9951-97561AEF58F7}.Release|x86.ActiveCfg = Release|Win32
		{771615BF-2634-4AE5-9951-97561AEF58F7}.Release|x86.Build.0 = Release|Win32
		{771615BF-2634-4AE5-9951-97561AEF58F7}.Template|Win32.ActiveCfg = Release|Win32
		{771615BF-2634-4AE5-9951-97561AEF58F7}.Template|Win32.Build.0 = Release|Win32
		{771615BF-2634-4AE5-9951-97561AEF58F7}.Template|x64.ActiveCfg = Release|x64
		{771615BF-2634-4AE5-9951-97561AEF58F7}.Template|x64.Build.0 = Release|x64
		{771615BF-2634-4AE5-9951-97561AEF58F7}.Template|x86.ActiveCfg = Release|Win32
		{771615BF-2634-4AE5-9951-97561AEF58F7}.Template|x86.Build.0 = Release|Win32
		{7BCB5921-33FF-4806-B703-E429C3F6B669}.Debug|Win32.ActiveCfg = Debug|Win32
		{7BCB5921-33FF-4806-B703-E429C3F6B669}.Debug|Win32.Build.0 = Debug|Win32
		{7BCB5921-33FF-4806-B703-E429C3F6B669}.Debug|x64.ActiveCfg = Debug|x64
		{7BCB5921-33FF-4806-B703-E429C3F6B669}.Debug|x64.Build.0 = Debug|x64
		{7BCB5921-33FF-4806-B703-E429C3F6B669}.Debug|x86.ActiveCfg = Debug|Win32
		{7BCB5921-33FF-4806-B703-E429C3F6B669}.Debug|x86.Build.0 = Debug|Win32
		{7BCB5921-33FF-4806-B703-E429C3F6B669}.Release|Win32.ActiveCfg = Release|Win32
		{7BCB5921-33FF-4806-B703-E429C3F6B669}.Release|Win32.Build.0 = Release|Win32
		{7BCB5921-33FF-4806-B703-E429C3F6B669}.Release|x64.ActiveCfg = Release|x64
		{7BCB5921-33FF-4806-B703-E429C3F6B669}.Release|x64.Build.0 = Release|x64
		{7BCB5921-33FF-4806-B703-E429C3F6B669}.Release|x86.ActiveCfg = Release|Win32
		{7BCB5921-33FF-4806-B703-E429C3F6B669}.Release|x86.Build.0 = Release|Win32
		{7BCB5921-33FF-4806-B703-E429C3F6B669}.Template|Win32.ActiveCfg = Release|Win32
		{7BCB5921-33FF-4806-B703-E429C3F6B669}.Template|Win32.Build.0 = Release|Win32
		{7BCB5921-33FF-4806-B703-E429C3F6B669}.Template|x64.ActiveCfg = Release|x64
		{7BCB5921-33FF-4806-B703-E429C3F6B669}.Template|x64.Build.0 = Release|x64
		{7BCB5921-33FF-4806-B703-E429C3F6B669}.Template|x86.ActiveCfg = Release|Win32
		{7BCB5921-33FF-4806-B703-E429C3F6B669}.Template|x86.Build.0 = Release|Win32
		{48A8D9B0-3DD4-4530-8E1B-6F2E541CCAAE}.Debug|Win32.ActiveCfg = Debug|Win32
		{48A8D9B0-3DD4-4530-8E1B-6F2E541CCAAE}.Debug|Win32.Build.0 = Debug|Win32
		{48A8D9B0-3DD4-4530-8E1B-6F2E541CCAAE}.Debug|x64.ActiveCfg = Debug|x64
		{48A8D9B0-3DD4-4530-8E1B-6F2E541CCAAE}.Debug|x64.Build.0 = Debug|x64
		{48A8D9B0-3DD4-4530-8E1B-6F2E541CCAAE}.Debug|x86.ActiveCfg = Debug|Win32
		{48A8D9B0-3DD4-4530-8E1B-6F2E541CCAAE}.Debug|x86.Build.0 = Debug|Win32
		{48A8D9B0-3DD4-4530-8E1B-6F2E541CCAAE}.Release|Win32.ActiveCfg = Release|Win32
		{48A8D9B0-3DD4-4530-8E1B-6F2E541CCAAE}.Release|Win32.Build.0 = Release|Win32
		{48A8D9B0-3DD4-4530-8E1B-6F2E541CCAAE}.Release|x64.ActiveCfg = Release|x64
		{48A8D9B0-3DD4-4530-8E1B-6F2E541CCAAE}.Release|x64.Build.0 = Release|x64
		{48A8D9B0-3DD4-4530-8E1B-6F2E541CCAAE}.Release|x86.ActiveCfg = Release|Win32
		{48A8D9B0-3DD4-4530-8E1B-6F2E541CCAAE}.Release|x86.Build.0 = Release|Win32
		{48A8D9B0-3DD4-4530-8E1B-6F2E541CCAAE}.Template|Win32.ActiveCfg = Release|Win32
		{48A8D9B0-3DD4-4530-8E1B-6F2E541CCAAE}.Template|Win32.Build.0 = Release|Win32
		{48A8D9B0-3DD4-4530-8E1B-6F2E541CCAAE}.Template|x64.ActiveCfg = Release|x64
		{48A8D9B0-3DD4-4530-8E1B-6F2E541CCAAE}.Template|x64.Build.0 = Release|x64
		{48A8D9B0-3DD4-4530-8E1B-6F2E541CCAAE}.Template|x86.ActiveCfg = Release|Win32
		{48A8D9B0-3DD4-4530-8E1B-6F2E541CCAAE}.Template|x86.Build.0 = Release|Win32
		{B73567AD-1D2F-41A0-B9B2-8FF924B14D74}.Debug|Win32.ActiveCfg = Debug|Win32
		{B73567AD-1D2F-41A0-B9B2-8FF924B14D74}.Debug|Win32.Build.0 = Debug|Win32
		{B73567AD-1D2F-41A0-B9B2-8FF924B14D74}.Debug|x64.ActiveCfg = Debug|x64
		{B73567AD-1D2F-41A0-B9B2-8FF924B14D74}.Debug|x64.Build.0 = Debug|x64
		{B73567AD-1D2F-41A0-B9B2-8FF924B14D74}.Debug|x86.ActiveCfg = Debug|Win32
		{B73567AD-1D2F-41A0-B9B2-8FF924B14D74}.Debug|x86.Build.0 = Debug|Win32
		{B73567AD-1D2F-41A0-B9B2-8FF924B14D74}.Release|Win32.ActiveCfg = Release|Win32
		{B73567AD-1D2F-41A0-B9B2-8FF924B14D74}.Release|Win32.Build.0 = Release|Win32
		{B73567AD-1D2F-41A0-B9B2-8FF924B14D74}.Release|x64.ActiveCfg = Release|x64
		{B73567AD-1D2F-41A0-B9B2-8FF924B14D74}.Release|x64.Build.0 = Release|x64
		{B73567AD-1D2F-41A0-B9B2-8FF924B14D74}.Release|x86.ActiveCfg = Release|Win32
		{B73567AD-1D2F-41A0-B9B2-8FF924B14D74}.Release|x86.Build.0 = Release|Win32
		{B73567AD-1D2F-41A0-B9B2-8FF924B14D74}.Template|Win32.ActiveCfg = Release|Win32
		{B73567AD-1D2F-41A0-B9B2-8FF924B14D74}.Template|Win32.Build.0 = Release|Win32
		{B73567AD-1D2F-41A0-B9B2-8FF924B14D74}.Template|x64.ActiveCfg = Release|x64
		{B73567AD-1D2F-41A0-B9B2-8FF924B14D74}.Template|x64.Build.0 = Release|x64
		{B73567AD-1D2F-41A0-B9B2-8FF924B14D74}.Template|x86.ActiveCfg = Release|Win32
		{B73567AD-1D2F-41A0-B9B2-8FF924B14D74}.Template|x86.Build.0 = Release|Win32
		{592D12BA-CB40-48F0-B622-AA657C5F5076}.Debug|Win32.ActiveCfg = Debug|Win32
		{592D12BA-CB40-48F0-B622-AA657C5F5076}.Debug|Win32.Build.0 = Debug|Win32
		{592D12BA-CB40-48F0-B622-AA657C5F5076}.Debug|x64.ActiveCfg = Debug|x64
		{592D12BA-CB40-48F0-B622-AA657C5F5076}.Debug|x64.Build.0 = Debug|x64
		{592D12BA-CB40-48F0-B622-AA657C5F5076}.Debug|x86.ActiveCfg = Debug|Win32
		{592D12BA-CB40-48F0-B622-AA657C5F5076}.Debug|x86.Build.0 = Debug|Win32
		{592D12BA-CB40-48F0-B622-AA657C5F5076}.Release|Win32.ActiveCfg = Release|Win32
		{592D12BA-CB40-48F0-B622-AA657C5F5076}.Release|Win32.Build.0 = Release|Win32
		{592D12BA-CB40-48F0-B622-AA657C5F5076}.Release|x64.ActiveCfg = Release|x64
		{592D12BA-CB40-48F0-B622-AA657C5F5076}.Release|x64.Build.0 = Release|x64
		{592D12BA-CB40-48F0-B622-AA657C5F5076}.Release|x86.ActiveCfg = Release|Win32
		{592D12BA-CB40-48F0-B622-AA657C5F5076}.Release|x86.Build.0 = Release|Win32
		{592D12BA-CB40-48F0-B622-AA657C5F5076}.Template|Win32.ActiveCfg = Release|Win32
		{592D12BA-CB40-48F0-B622-AA657C5F5076}.Template|Win32.Build.0 = Release|Win32
		{592D12BA-CB40-48F0-B622-AA657C5F5076}.Template|x64.ActiveCfg = Release|x64
		{592D12BA-CB40-48F0-B622-AA657C5F5076}.Template|x64.Build.0 = Release|x64
		{592D12BA-CB40-48F0-B622-AA657C5F5076}.Template|x86.ActiveCfg = Release|Win32
		{592D12BA-CB40-48F0-B622-AA657C5F5076}.Template|x86.Build.0 = Release|Win32
		{2BC76D51-BEBA-4E73-9CAD-4F281822A040}.Debug|Win32.ActiveCfg = Debug|Win32
		{2BC76D51-BEBA-4E73-9CAD-4F281822A040}.Debug|Win32.Build.0 = Debug|Win32
		{2BC76D51-BEBA-4E73-9CAD-4F281822A040}.Debug|x64.ActiveCfg = Debug|x64
		{2BC76D51-BEBA-4E73-9CAD-4F281822A040}.Debug|x64.Build.0 = Debug|x64
		{2BC76D51-BEBA-4E73-9CAD-4F281822A040}.Debug|x86.ActiveCfg = Debug|Win32
		{2BC76D51-BEBA-4E73-9CAD-4F281822A040}.Debug|x86.Build.0 = Debug|Win32
		{2BC76D51-BEBA-4E73-9CAD-4F281822A040}.Release|Win32.ActiveCfg = Release|Win32
		{2BC76D51-BEBA-4E73-9CAD-4F281822A040}.Release|Win32.Build.0 = Release|Win32
		{2BC76D51-BEBA-4E73-9CAD-4F281822A040}.Release|x64.ActiveCfg = Release|x64
		{2BC76D51-BEBA-4E73-9CAD-4F281822A040}.Release|x64.Build.0 = Release|x64
		{2BC76D51-BEBA-4E73-9CAD-4F281822A040}.Release|x86.ActiveCfg = Release|Win32
		{2BC76D51-BEBA-4E73-9CAD-4F281822A040}.Release|x86.Build.0 = Release|Win32
		{2BC76D51-BEBA-4E73-9CAD-4F281822A040}.Template|Win32.ActiveCfg = Release|Win32
		{2BC76D51-BEBA-4E73-9CAD-4F281822A040}.Template|Win32.Build.0 = Release|Win32
		{2BC76D51-BEBA-4E73-9CAD-4F281822A040}.Template|x64.ActiveCfg = Release|x64
		{2BC76D51-BEBA-4E73-9CAD-4F281822A040}.Template|x64.Build.0 = Release|x64
		{2BC76D51-BEBA-4E73-9CAD-4F281822A040}.Template|x86.ActiveCfg = Release|Win32
		{2BC76D51-BEBA-4E73-9CAD-4F281822A040}.Template|x86.Build.0 = Release|Win32
		{E7F6E517-B400-4A15-971A-D1B85F793964}.Debug|Win32.ActiveCfg = Debug|Win32
		{E7F6E517-B400-4A15-971A-D1B85F793964}.Debug|Win32.Build.0 = Debug|Win32
		{E7F6E517-B400-4A15-971A-D1B85F793964}.Debug|x64.ActiveCfg = Debug|x64
		{E7F6E517-B400-4A15-971A-D1B85F793964}.Debug|x64.Build.0 = Debug|x64
		{E7F6E517-B400-4A15-971A-D1B85F793964}.Debug|x86.ActiveCfg = Debug|Win32
		{E7F6E517-B400-4A15-971A-D1B85F793964}.Debug|x86.Build.0 = Debug|Win32
		{E7F6E517-B400-4A15-971A-D1B85F793964}.Release|Win32.ActiveCfg = Release|Win32
		{E7F6E517-B400-4A15-971A-D1B85F793964}.Release|Win32.Build.0 = Release|Win32
		{E7F6E517-B400-4A15-971A-D1B85F793964}.Release|x64.ActiveCfg = Release|x64
		{E7F6E517-B400-4A15-971A-D1B85F793964}.Release|x64.Build.0 = Release|x64
		{E7F6E517-B400-4A15-971A-D1B85F793964}.Release|x86.ActiveCfg = Release|Win32
		{E7F6E517-B400-4A15-971A-D1B85F793964}.Release|x86.Build.0 = Release|Win32
		{E7F6E517-B400-4A15-971A-D1B85F793964}.Template|Win32.ActiveCfg = Release|Win32
		{E7F6E517-B400-4A15-971A-D1B85F793964}.Template|Win32.Build.0 = Release|Win32
		{E7F6E517-B400-4A15-971A-D1B85F793964}.Template|x64.ActiveCfg = Release|x64
		{E7F6E517-B400-4A15-971A-D1B85F793964}.Template|x64.Build.0 = Release|x64
		{E7F6E517-B400-4A15-971A-D1B85F793964}.Template|x86.ActiveCfg = Release|Win32
		{E7F6E517-B400-4A15-971A-D1B85F793964}.Template|x86.Build.0 = Release|Win32
		{37B799CF-B944-427E-81B0-D95B5AA56E92}.Debug|Win32.ActiveCfg = Debug|Win32
		{37B799CF-B944-427E-81B0-D95B5AA56E92}.Debug|Win32.Build.0 = Debug|Win32
		{37B799CF-B944-427E-81B0-D95B5AA56E92}.Debug|x64.ActiveCfg = Debug|x64
		{37B799CF-B944-427E-81B0-D95B5AA56E92}.Debug|x64.Build.0 = Debug|x64
		{37B799CF-B944-427E-81B0-D95B5AA56E92}.Debug|x86.ActiveCfg = Debug|Win32
		{37B799CF-B944-427E-81B0-D95B5AA56E92}.Debug|x86.Build.0 = Debug|Win32
		{37B799CF-B944-427E-81B0-D95B5AA56E92}.Release|Win32.ActiveCfg = Release|Win32
		{37B799CF-B944-427E-81B0-D95B5AA56E92}.Release|Win32.Build.0 = Release|Win32
		{37B799CF-B944-427E-81B0-D95B5AA56E92}.Release|x64.ActiveCfg = Release|x64
		{37B799CF-B944-427E-81B0-D95B5AA56E92}.Release|x64.Build.0 = Release|x64
		{37B799CF-B944-427E-81B0-D95B5AA56E92}.Release|x86.ActiveCfg = Release|Win32
		{37B799CF-B944-427E-81B0-D95B5AA56E92}.Release|x86.Build.0 = Release|Win32
		{37B799CF-B944-427E-81B0-D95B5AA56E92}.Template|Win32.ActiveCfg = Release|Win32
		{37B799CF-B944-427E-81B0-D95B5AA56E92}.Template|Win32.Build.0 = Release|Win32
		{37B799CF-B944-427E-81B0-D95B5AA56E92}.Template|x64.ActiveCfg = Release|x64
		{37B799CF-B944-427E-81B0-D95B5AA56E92}.Template|x64.Build.0 = Release|x64
		{37B799CF-B944-427E-81B0-D95B5AA56E92}.Template|x86.ActiveCfg = Release|Win32
		{37B799CF-B944-427E-81B0-D95B5AA56E92}.Template|x86.Build.0 = Release|Win32
		{591CAFC2-4272-47EB-A9A4-2A4C321618C4}.Debug|Win32.ActiveCfg = Debug|Win32
		{591CAFC2-4272-47EB-A9A4-2A4C321618C4}.Debug|Win32.Build.0 = Debug|Win32
		{591CAFC2-4272-47EB-A9A4-2A4C321618C4}.Debug|x64.ActiveCfg = Debug|x64
		{591CAFC2-4272-47EB-A9A4-2A4C321618C4}.Debug|x64.Build.0 = Debug|x64
		{591CAFC2-4272-47EB-A9A4-2A4C321618C4}.Debug|x86.ActiveCfg = Debug|Win32
		{591CAFC2-4272-47EB-A9A4-2A4C321618C4}.Debug|x86.Build.0 = Debug|Win32
		{591CAFC2-4272-47EB-A9A4-2A4C321618C4}.Release|Win32.ActiveCfg = Release|Win32
		{591CAFC2-4272-47EB-A9A4-2A4C321618C4}.Release|Win32.Build.0 = Release|Win32
		{591CAFC2-4272-47EB-A9A4-2A4C321618C4}.Release|x64.ActiveCfg = Release|x64
		{591CAFC2-4272-47EB-A9A4-2A4C321618C4}.Release|x64.Build.0 = Release|x64
		{591CAFC2-4272-47EB-A9A4-2A4C321618C4}.Release|x86.ActiveCfg = Release|Win32
		{591CAFC2-4272-47EB-A9A4-2A4C321618C4}.Release|x86.Build.0 = Release|Win32
		{591CAFC2-4272-47EB-A9A4-2A4C321618C4}.Template|Win32.ActiveCfg = Release|Win32
		{591CAFC2-4272-47EB-A9A4-2A4C321618C4}.Template|Win32.Build.0 = Release|Win32
		{591CAFC2-4272-47EB-A9A4-2A4C321618C4}.Template|x64.ActiveCfg = Release|x64
		{591CAFC2-4272-47EB-A9A4-2A4C321618C4}.Template|x64.Build.0 = Release|x64
		{591CAFC2-4272-47EB-A9A4-2A4C321618C4}.Template|x86.ActiveCfg = Release|Win32
		{591CAFC2-4272-47EB-A9A4-2A4C321618C4}.Template|x86.Build.0 = Release|Win32
		{D7337489-E13E-41C5-B53B-B0B0ADE84A63}.Debug|Win32.ActiveCfg = Debug|Win32
		{D7337489-E13E-41C5-B53B-B0B0ADE84A63}.Debug|Win32.Build.0 = Debug|Win32
		{D7337489-E13E-41C5-B53B-B0B0ADE84A63}.Debug|x64.ActiveCfg = Debug|x64
		{D7337489-E13E-41C5-B53B-B0B0ADE84A63}.Debug|x64.Build.0 = Debug|x64
		{D7337489-E13E-41C5-B53B-B0B0ADE84A63}.Debug|x86.ActiveCfg = Debug|Win32
		{D7337489-E13E-41C5-B53B-B0B0ADE84A63}.Debug|x86.Build.0 = Debug|Win32
		{D7337489-E13E-41C5-B53B-B0B0ADE84A63}.Release|Win32.ActiveCfg = Release|Win32
		{D7337489-E13E-41C5-B53B-B0B0ADE84A63}.Release|Win32.Build.0 = Release|Win32
		{D7337489-E13E-41C5-B53B-B0B0ADE84A63}.Release|x64.ActiveCfg = Release|x64
		{D7337489-E13E-41C5-B53B-B0B0ADE84A63}.Release|x64.Build.0 = Release|x64
		{D7337489-E13E-41C5-B53B-B0B0ADE84A63}.Release|x86.ActiveCfg = Release|Win32
		{D7337489-E13E-41C5-B53B-B0B0ADE84A63}.Release|x86.Build.0 = Release|Win32
		{D7337489-E13E-41C5-B53B-B0B0ADE84A63}.Template|Win32.ActiveCfg = Release|Win32
		{D7337489-E13E-41C5-B53B-B0B0ADE84A63}.Template|Win32.Build.0 = Release|Win32
		{D7337489-E13E-41C5-B53B-B0B0ADE84A63}.Template|x64.ActiveCfg = Release|x64
		{D7337489-E13E-41C5-B53B-B0B0ADE84A63}.Template|x64.Build.0 = Release|x64
		{D7337489-E13E-41C5-B53B-B0B0ADE84A63}.Template|x86.ActiveCfg = Release|Win32
		{D7337489-E13E-41C5-B53B-B0B0ADE84A63}.Template|x86.Build.0 = Release|Win32
		{3B436282-5616-4C61-AA49-1B99D764A6B0}.Debug|Win32.ActiveCfg = Debug|Win32
		{3B436282-5616-4C61-AA49-1B99D764A6B0}.Debug|Win32.Build.0 = Debug|Win32
		{3B436282-5616-4C61-AA49-1B99D764A6B0}.Debug|x64.ActiveCfg = Debug|x64
		{3B436282-5616-4C61-AA49-1B99D764A6B0}.Debug|x64.Build.0 = Debug|x64
		{3B436282-5616-4C61-AA49-1B99D764A6B0}.Debug|x86.ActiveCfg = Debug|Win32
		{3B436282-5616-4C61-AA49-1B99D764A6B0}.Debug|x86.Build.0 = Debug|Win32
		{3B436282-5616-4C61-AA49-1B99D764A6B0}.Release|Win32.ActiveCfg = Release|Win32
		{3B436282-5616-4C61-AA49-1B99D764A6B0}.Release|Win32.Build.0 = Release|Win32
		{3B436282-5616-4C61-AA49-1B99D764A6B0}.Release|x64.ActiveCfg = Release|x64
		{3B436282-5616-4C61-AA49-1B99D764A6B0}.Release|x64.Build.0 = Release|x64
		{3B436282-5616-4C61-AA49-1B99D764A6B0}.Release|x86.ActiveCfg = Release|Win32
		{3B436282-5616-4C61-AA49-1B99D764A6B0}.Release|x86.Build.0 = Release|Win32
		{3B436282-5616-4C61-AA49-1B99D764A6B0}.Template|Win32.ActiveCfg = Release|Win32
		{3B436282-5616-4C61-AA49-1B99D764A6B0}.Template|Win32.Build.0 = Release|Win32
		{3B436282-5616-4C61-AA49-1B99D764A6B0}.Template|x64.ActiveCfg = Release|x64
		{3B436282-5616-4C61-AA49-1B99D764A6B0}.Template|x64.Build.0 = Release|x64
		{3B436282-5616-4C61-AA49-1B99D764A6B0}.Template|x86.ActiveCfg = Release|Win32
		{3B436282-5616-4C61-AA49-1B99D764A6B0}.Template|x86.Build.0 = Release|Win32
		{6E1FBE9B-0A80-4335-BE21-BFA3E9B544BC}.Debug|Win32.ActiveCfg = Debug|Win32
		{6E1FBE9B-0A80-4335-BE21-BFA3E9B544BC}.Debug|Win32.Build.0 = Debug|Win32
		{6E1FBE9B-0A80-4335-BE21-BFA3E9B544BC}.Debug|x64.ActiveCfg = Debug|x64
		{6E1FBE9B-0A80-4335-BE21-BFA3E9B544BC}.Debug|x64.Build.0 = Debug|x64
		{6E1FBE9B-0A80-4335-BE21-BFA3E9B544BC}.Debug|x86.ActiveCfg = Debug|Win32
		{6E1FBE9B-0A80-4335-BE21-BFA3E9B544BC}.Debug|x86.Build.0 = Debug|Win32
		{6E1FBE9B-0A80-4335-BE21-BFA3E9B544BC}.Release|Win32.ActiveCfg = Release|Win32
		{6E1FBE9B-0A80-4335-BE21-BFA3E9B544BC}.Release|Win32.Build.0 = Release|Win32
		{6E1FBE9B-0A80-4335-BE21-BFA3E9B544BC}.Release|x64.ActiveCfg = Release|x64
		{6E1FBE9B-0A80-4335-BE21-BFA3E9B544BC}.Release|x64.Build.0 = Release|x64
		{6E1FBE9B-0A80-4335-BE21-BFA3E9B544BC}.Release|x86.ActiveCfg = Release|Win32
		{6E1FBE9B-0A80-4335-BE21-BFA3E9B544BC}.Release|x86.Build.0 = Release|Win32
		{6E1FBE9B-0A80-4335-BE21-BFA3E9B544BC}.Template|Win32.ActiveCfg = Release|Win32
		{6E1FBE9B-0A80-4335-BE21-BFA3E9B544BC}.Template|Win32.Build.0 = Release|Win32
		{6E1FBE9B-0A80-4335-BE21-BFA3E9B544BC}.Template|x64.ActiveCfg = Release|x64
		{6E1FBE9B-0A80-4335-BE21-BFA3E9B544BC}.Template|x64.Build.0 = Release|x64
		{6E1FBE9B-0A80-4335-BE21-BFA3E9B544BC}.Template|x86.ActiveCfg = Release|Win32
		{6E1FBE9B-0A80-4335-BE21-BFA3E9B544BC}.Template|x86.Build.0 = Release|Win32
		{4B6D31D6-8593-484D-9374-1AC22B9E22D7}.Debug|Win32.ActiveCfg = Debug|Win32
		{4B6D31D6-8593-484D-9374-1AC22B9E22D7}.Debug|Win32.Build.0 = Debug|Win32
		{4B6D31D6-8593-484D-9374-1AC22B9E22D7}.Debug|x64.ActiveCfg = Debug|x64
		{4B6D31D6-8593-484D-9374-1AC22B9E22D7}.Debug|x64.Build.0 = Debug|x64
		{4B6D31D6-8593-484D-9374-1AC22B9E22D7}.Debug|x86.ActiveCfg = Debug|Win32
		{4B6D31D6-8593-484D-9374-1AC22B9E22D7}.Debug|x86.Build.0 = Debug|Win32
		{4B6D31D6-8593-484D-9374-1AC22B9E22D7}.Release|Win32.ActiveCfg = Release|Win32
		{4B6D31D6-8593-484D-9374-1AC22B9E22D7}.Release|Win32.Build.0 = Release|Win32
		{4B6D31D6-8593-484D-9374-1AC22B9E22D7}.Release|x64.ActiveCfg = Release|x64
		{4B6D31D6-8593-484D-9374-1AC22B9E22D7}.Release|x64.Build.0 = Release|x64
		{4B6D31D6-8593-484D-9374-1AC22B9E22D7}.Release|x86.ActiveCfg = Release|Win32
		{4B6D31D6-8593-484D-9374-1AC22B9E22D7}.Release|x86.Build.0 = Release|Win32
		{4B6D31D6-8593-484D-9374-1AC22B9E22D7}.Template|Win32.ActiveCfg = Release|Win32
		{4B6D31D6-8593-484D-9374-1AC22B9E22D7}.Template|Win32.Build.0 = Release|Win32
		{4B6D31D6-8593-484D-9374-1AC22B9E22D7}.Template|x64.ActiveCfg = Release|x64
		{4B6D31D6-8593-484D-9374-1AC22B9E22D7}.Template|x64.Build.0 = Release|x64
		{4B6D31D6-8593-484D-9374-1AC22B9E22D7}.Template|x86.ActiveCfg = Release|Win32
		{4B6D31D6-8593-484D-9374-1AC22B9E22D7}.Template|x86.Build.0 = Release|Win32
		{A64D207D-8792-40D1-8C32-F50DD8A16B87}.Debug|Win32.ActiveCfg = Debug|Win32
		{A64D207D-8792-40D1-8C32-F50DD8A16B87}.Debug|Win32.Build.0 = Debug|Win32
		{A64D207D-8792-40D1-8C32-F50DD8A16B87}.Debug|x64.ActiveCfg = Debug|x64
		{A64D207D-8792-40D1-8C32-F50DD8A16B87}.Debug|x64.Build.0 = Debug|x64
		{A64D207D-8792-40D1-8C32-F50DD8A16B87}.Debug|x86.ActiveCfg = Debug|Win32
		{A64D207D-8792-40D1-8C32-F50DD8A16B87}.Debug|x86.Build.0 = Debug|Win32
		{A64D207D-8792-40D1-8C32-F50DD8A16B87}.Release|Win32.ActiveCfg = Release|Win32
		{A64D207D-8792-40D1-8C32-F50DD8A16B87}.Release|Win32.Build.0 = Release|Win32
		{A64D207D-8792-40D1-8C32-F50DD8A16B87}.Release|x64.ActiveCfg = Release|x64
		{A64D207D-8792-40D1-8C32-F50DD8A16B87}.Release|x64.Build.0 = Release|x64
		{A64D207D-8792-40D1-8C32-F50DD8A16B87}.Release|x86.ActiveCfg = Release|Win32
		{A64D207D-8792-40D1-8C32-F50DD8A16B87}.Release|x86.Build.0 = Release|Win32
		{A64D207D-8792-40D1-8C32-F50DD8A16B87}.Template|Win32.ActiveCfg = Release|Win32
		{A64D207D-8792-40D1-8C32-F50DD8A16B87}.Template|Win32.Build.0 = Release|Win32
		{A64D207D-8792-40D1-8C32-F50DD8A16B87}.Template|x64.ActiveCfg = Release|x64
		{A64D207D-8792-40D1-8C32-F50DD8A16B87}.Template|x64.Build.0 = Release|x64
		{A64D207D-8792-40D1-8C32-F50DD8A16B87}.Template|x86.ActiveCfg = Release|Win32
		{A64D207D-8792-40D1-8C32-F50DD8A16B87}.Template|x86.Build.0 = Release|Win32
		{EDE656E8-8E57-4C71-91FC-9103AF136A22}.Debug|Win32.ActiveCfg = Debug|Win32
		{EDE656E8-8E57-4C71-91FC-9103AF136A22}.Debug|Win32.Build.0 = Debug|Win32
		{EDE656E8-8E57-4C71-91FC-9103AF136A22}.Debug|x64.ActiveCfg = Debug|x64
		{EDE656E8-8E57-4C71-91FC-9103AF136A22}.Debug|x64.Build.0 = Debug|x64
		{EDE656E8-8E57-4C71-91FC-9103AF136A22}.Debug|x86.ActiveCfg = Debug|Win32
		{EDE656E8-8E57-4C71-91FC-9103AF136A22}.Debug|x86.Build.0 = Debug|Win32
		{EDE656E8-8E57-4C71-91FC-9103AF136A22}.Release|Win32.ActiveCfg = Release|Win32
		{EDE656E8-8E57-4C71-91FC-9103AF136A22}.Release|Win32.Build.0 = Release|Win32
		{EDE656E8-8E57-4C71-91FC-9103AF136A22}.Release|x64.ActiveCfg = Release|x64
		{EDE656E8-8E57-4C71-91FC-9103AF136A22}.Release|x64.Build.0 = Release|x64
		{EDE656E8-8E57-4C71-91FC-9103AF136A22}.Release|x86.ActiveCfg = Release|Win32
		{EDE656E8-8E57-4C71-91FC-9103AF136A22}.Release|x86.Build.0 = Release|Win32
		{EDE656E8-8E57-4C71-91FC-9103AF136A22}.Template|Win32.ActiveCfg = Release|Win32
		{EDE656E8-8E57-4C71-91FC-9103AF136A22}.Template|Win32.Build.0 = Release|Win32
		{EDE656E8-8E57-4C71-91FC-9103AF136A22}.Template|x64.ActiveCfg = Release|x64
		{EDE656E8-8E57-4C71-91FC-9103AF136A22}.Template|x64.Build.0 = Release|x64
		{EDE656E8-8E57-4C71-91FC-9103AF136A22}.Template|x86.ActiveCfg = Release|Win32
		{EDE656E8-8E57-4C71-91FC-9103AF136A22}.Template|x86.Build.0 = Release|Win32
		{6D0AB59F-71ED-427E-B78F-C12849227797}.Debug|Win32.ActiveCfg = Debug|Win32
		{6D0AB59F-71ED-427E-B78F-C12849227797}.Debug|Win32.Build.0 = Debug|Win32
		{6D0AB59F-71ED-427E-B78F-C12849227797}.Debug|x64.ActiveCfg = Debug|x64
		{6D0AB59F-71ED-427E-B78F-C12849227797}.Debug|x64.Build.0 = Debug|x64
		{6D0AB59F-71ED-427E-B78F-C12849227797}.Debug|x86.ActiveCfg = Debug|Win32
		{6D0AB59F-71ED-427E-B78F-C12849227797}.Debug|x86.Build.0 = Debug|Win32
		{6D0AB59F-71ED-427E-B78F-C12849227797}.Release|Win32.ActiveCfg = Release|Win32
		{6D0AB59F-71ED-427E-B78F-C12849227797}.Release|Win32.Build.0 = Release|Win32
		{6D0AB59F-71ED-427E-B78F-C12849227797}.Release|x64.ActiveCfg = Release|x64
		{6D0AB59F-71ED-427E-B78F-C12849227797}.Release|x64.Build.0 = Release|x64
		{6D0AB59F-71ED-427E-B78F-C12849227797}.Release|x86.ActiveCfg = Release|Win32
		{6D0AB59F-71ED-427E-B78F-C12849227797}.Release|x86.Build.0 = Release|Win32
		{6D0AB59F-71ED-427E-B78F-C12849227797}.Template|Win32.ActiveCfg = Release|Win32
		{6D0AB59F-71ED-427E-B78F-C12849227797}.Template|Win32.Build.0 = Release|Win32
		{6D0AB59F-71ED-427E-B78F-C12849227797}.Template|x64.ActiveCfg = Release|x64
		{6D0AB59F-71ED-427E-B78F-C12849227797}.Template|x64.Build.0 = Release|x64
		{6D0AB59F-71ED-427E-B78F-C12849227797}.Template|x86.ActiveCfg = Release|Win32
		{6D0AB59F-71ED-427E-B78F-C12849227797}.Template|x86.Build.0 = Release|Win32
		{518F8EC0-29EC-4D66-8381-F68868703318}.Debug|Win32.ActiveCfg = Debug|Win32
		{518F8EC0-29EC-4D66-8381-F68868703318}.Debug|Win32.Build.0 = Debug|Win32
		{518F8EC0-29EC-4D66-8381-F68868703318}.Debug|x64.ActiveCfg = Debug|x64
		{518F8EC0-29EC-4D66-8381-F68868703318}.Debug|x64.Build.0 = Debug|x64
		{518F8EC0-29EC-4D66-8381-F68868703318}.Debug|x86.ActiveCfg = Debug|Win32
		{518F8EC0-29EC-4D66-8381-F68868703318}.Debug|x86.Build.0 = Debug|Win32
		{518F8EC0-29EC-4D66-8381-F68868703318}.Release|Win32.ActiveCfg = Release|Win32
		{518F8EC0-29EC-4D66-8381-F68868703318}.Release|Win32.Build.0 = Release|Win32
		{518F8EC0-29EC-4D66-8381-F68868703318}.Release|x64.ActiveCfg = Release|x64
		{518F8EC0-29EC-4D66-8381-F68868703318}.Release|x64.Build.0 = Release|x64
		{518F8EC0-29EC-4D66-8381-F68868703318}.Release|x86.ActiveCfg = Release|Win32
		{518F8EC0-29EC-4D66-8381-F68868703318}.Release|x86.Build.0 = Release|Win32
		{518F8EC0-29EC-4D66-8381-F68868703318}.Template|Win32.ActiveCfg = Release|Win32
		{518F8EC0-29EC-4D66-8381-F68868703318}.Template|Win32.Build.0 = Release|Win32
		{518F8EC0-29EC-4D66-8381-F68868703318}.Template|x64.ActiveCfg = Release|x64
		{518F8EC0-29EC-4D66-8381-F68868703318}.Template|x64.Build.0 = Release|x64
		{518F8EC0-29EC-4D66-8381-F68868703318}.Template|x86.ActiveCfg = Release|Win32
		{518F8EC0-29EC-4D66-8381-F68868703318}.Template|x86.Build.0 = Release|Win32
		{4F72769F-04E7-43A9-9A8D-8B9ED734FE38}.Debug|Win32.ActiveCfg = Debug|Win32
		{4F72769F-04E7-43A9-9A8D-8B9ED734FE38}.Debug|Win32.Build.0 = Debug|Win32
		{4F72769F-04E7-43A9-9A8D-8B9ED734FE38}.Debug|x64.ActiveCfg = Debug|Win32
		{4F72769F-04E7-43A9-9A8D-8B9ED734FE38}.Debug|x86.ActiveCfg = Debug|Win32
		{4F72769F-04E7-43A9-9A8D-8B9ED734FE38}.Debug|x86.Build.0 = Debug|Win32
		{4F72769F-04E7-43A9-9A8D-8B9ED734FE38}.Release|Win32.ActiveCfg = Release|Win32
		{4F72769F-04E7-43A9-9A8D-8B9ED734FE38}.Release|Win32.Build.0 = Release|Win32
		{4F72769F-04E7-43A9-9A8D-8B9ED734FE38}.Release|x64.ActiveCfg = Release|Win32
		{4F72769F-04E7-43A9-9A8D-8B9ED734FE38}.Release|x86.ActiveCfg = Release|Win32
		{4F72769F-04E7-43A9-9A8D-8B9ED734FE38}.Release|x86.Build.0 = Release|Win32
		{4F72769F-04E7-43A9-9A8D-8B9ED734FE38}.Template|Win32.ActiveCfg = Release|Win32
		{4F72769F-04E7-43A9-9A8D-8B9ED734FE38}.Template|Win32.Build.0 = Release|Win32
		{4F72769F-04E7-43A9-9A8D-8B9ED734FE38}.Template|x64.ActiveCfg = Release|Win32
		{4F72769F-04E7-43A9-9A8D-8B9ED734FE38}.Template|x64.Build.0 = Release|Win32
		{4F72769F-04E7-43A9-9A8D-8B9ED734FE38}.Template|x86.ActiveCfg = Release|Win32
		{4F72769F-04E7-43A9-9A8D-8B9ED734FE38}.Template|x86.Build.0 = Release|Win32
		{34CF4E36-599E-42AD-920F-75C3E722D6CF}.Debug|Win32.ActiveCfg = Debug|Win32
		{34CF4E36-599E-42AD-920F-75C3E722D6CF}.Debug|Win32.Build.0 = Debug|Win32
		{34CF4E36-599E-42AD-920F-75C3E722D6CF}.Debug|x64.ActiveCfg = Debug|x64
		{34CF4E36-599E-42AD-920F-75C3E722D6CF}.Debug|x64.Build.0 = Debug|x64
		{34CF4E36-599E-42AD-920F-75C3E722D6CF}.Debug|x86.ActiveCfg = Debug|Win32
		{34CF4E36-599E-42AD-920F-75C3E722D6CF}.Debug|x86.Build.0 = Debug|Win32
		{34CF4E36-599E-42AD-920F-75C3E722D6CF}.Release|Win32.ActiveCfg = Release|Win32
		{34CF4E36-599E-42AD-920F-75C3E722D6CF}.Release|Win32.Build.0 = Release|Win32
		{34CF4E36-599E-42AD-920F-75C3E722D6CF}.Release|x64.ActiveCfg = Release|x64
		{34CF4E36-599E-42AD-920F-75C3E722D6CF}.Release|x64.Build.0 = Release|x64
		{34CF4E36-599E-42AD-920F-75C3E722D6CF}.Release|x86.ActiveCfg = Release|Win32
		{34CF4E36-599E-42AD-920F-75C3E722D6CF}.Release|x86.Build.0 = Release|Win32
		{34CF4E36-599E-42AD-920F-75C3E722D6CF}.Template|Win32.ActiveCfg = Release|Win32
		{34CF4E36-599E-42AD-920F-75C3E722D6CF}.Template|Win32.Build.0 = Release|Win32
		{34CF4E36-599E-42AD-920F-75C3E722D6CF}.Template|x64.ActiveCfg = Release|x64
		{34CF4E36-599E-42AD-920F-75C3E722D6CF}.Template|x64.Build.0 = Release|x64
		{34CF4E36-599E-42AD-920F-75C3E722D6CF}.Template|x86.ActiveCfg = Release|Win32
		{34CF4E36-599E-42AD-920F-75C3E722D6CF}.Template|x86.Build.0 = Release|Win32
		{A1AA7D9A-A838-41C1-BF69-2F2589F5945E}.Debug|Win32.ActiveCfg = Debug|Win32
		{A1AA7D9A-A838-41C1-BF69-2F2589F5945E}.Debug|Win32.Build.0 = Debug|Win32
		{A1AA7D9A-A838-41C1-BF69-2F2589F5945E}.Debug|x64.ActiveCfg = Debug|x64
		{A1AA7D9A-A838-41C1-BF69-2F2589F5945E}.Debug|x64.Build.0 = Debug|x64
		{A1AA7D9A-A838-41C1-BF69-2F2589F5945E}.Debug|x86.ActiveCfg = Debug|Win32
		{A1AA7D9A-A838-41C1-BF69-2F2589F5945E}.Debug|x86.Build.0 = Debug|Win32
		{A1AA7D9A-A838-41C1-BF69-2F2589F5945E}.Release|Win32.ActiveCfg = Release|Win32
		{A1AA7D9A-A838-41C1-BF69-2F2589F5945E}.Release|Win32.Build.0 = Release|Win32
		{A1AA7D9A-A838-41C1-BF69-2F2589F5945E}.Release|x64.ActiveCfg = Release|x64
		{A1AA7D9A-A838-41C1-BF69-2F2589F5945E}.Release|x64.Build.0 = Release|x64
		{A1AA7D9A-A838-41C1-BF69-2F2589F5945E}.Release|x86.ActiveCfg = Release|Win32
		{A1AA7D9A-A838-41C1-BF69-2F2589F5945E}.Release|x86.Build.0 = Release|Win32
		{A1AA7D9A-A838-41C1-BF69-2F2589F5945E}.Template|Win32.ActiveCfg = Release|Win32
		{A1AA7D9A-A838-41C1-BF69-2F2589F5945E}.Template|Win32.Build.0 = Release|Win32
		{A1AA7D9A-A838-41C1-BF69-2F2589F5945E}.Template|x64.ActiveCfg = Release|x64
		{A1AA7D9A-A838-41C1-BF69-2F2589F5945E}.Template|x64.Build.0 = Release|x64
		{A1AA7D9A-A838-41C1-BF69-2F2589F5945E}.Template|x86.ActiveCfg = Release|Win32
		{A1AA7D9A-A838-41C1-BF69-2F2589F5945E}.Template|x86.Build.0 = Release|Win32
		{58DDBE4F-4E4D-430B-82C9-99E8519189BE}.Debug|Win32.ActiveCfg = Debug|Win32
		{58DDBE4F-4E4D-430B-82C9-99E8519189BE}.Debug|Win32.Build.0 = Debug|Win32
		{58DDBE4F-4E4D-430B-82C9-99E8519189BE}.Debug|x64.ActiveCfg = Debug|x64
		{58DDBE4F-4E4D-430B-82C9-99E8519189BE}.Debug|x64.Build.0 = Debug|x64
		{58DDBE4F-4E4D-430B-82C9-99E8519189BE}.Debug|x86.ActiveCfg = Debug|Win32
		{58DDBE4F-4E4D-430B-82C9-99E8519189BE}.Debug|x86.Build.0 = Debug|Win32
		{58DDBE4F-4E4D-430B-82C9-99E8519189BE}.Release|Win32.ActiveCfg = Release|Win32
		{58DDBE4F-4E4D-430B-82C9-99E8519189BE}.Release|Win32.Build.0 = Release|Win32
		{58DDBE4F-4E4D-430B-82C9-99E8519189BE}.Release|x64.ActiveCfg = Release|x64
		{58DDBE4F-4E4D-430B-82C9-99E8519189BE}.Release|x64.Build.0 = Release|x64
		{58DDBE4F-4E4D-430B-82C9-99E8519189BE}.Release|x86.ActiveCfg = Release|Win32
		{58DDBE4F-4E4D-430B-82C9-99E8519189BE}.Release|x86.Build.0 = Release|Win32
		{58DDBE4F-4E4D-430B-82C9-99E8519189BE}.Template|Win32.ActiveCfg = Release|Win32
		{58DDBE4F-4E4D-430B-82C9-99E8519189BE}.Template|Win32.Build.0 = Release|Win32
		{58DDBE4F-4E4D-430B-82C9-99E8519189BE}.Template|x64.ActiveCfg = Release|x64
		{58DDBE4F-4E4D-430B-82C9-99E8519189BE}.Template|x64.Build.0 = Release|x64
		{58DDBE4F-4E4D-430B-82C9-99E8519189BE}.Template|x86.ActiveCfg = Release|Win32
		{58DDBE4F-4E4D-430B-82C9-99E8519189BE}.Template|x86.Build.0 = Release|Win32
		{7440F877-76BB-47DA-BFD8-9E24309CAFBD}.Debug|Win32.ActiveCfg = Debug|Win32
		{7440F877-76BB-47DA-BFD8-9E24309CAFBD}.Debug|Win32.Build.0 = Debug|Win32
		{7440F877-76BB-47DA-BFD8-9E24309CAFBD}.Debug|x64.ActiveCfg = Debug|Win32
		{7440F877-76BB-47DA-BFD8-9E24309CAFBD}.Debug|x86.ActiveCfg = Debug|Win32
		{7440F877-76BB-47DA-BFD8-9E24309CAFBD}.Debug|x86.Build.0 = Debug|Win32
		{7440F877-76BB-47DA-BFD8-9E24309CAFBD}.Release|Win32.ActiveCfg = Release|Win32
		{7440F877-76BB-47DA-BFD8-9E24309CAFBD}.Release|Win32.Build.0 = Release|Win32
		{7440F877-76BB-47DA-BFD8-9E24309CAFBD}.Release|x64.ActiveCfg = Release|Win32
		{7440F877-76BB-47DA-BFD8-9E24309CAFBD}.Release|x86.ActiveCfg = Release|Win32
		{7440F877-76BB-47DA-BFD8-9E24309CAFBD}.Release|x86.Build.0 = Release|Win32
		{7440F877-76BB-47DA-BFD8-9E24309CAFBD}.Template|Win32.ActiveCfg = Release|Win32
		{7440F877-76BB-47DA-BFD8-9E24309CAFBD}.Template|Win32.Build.0 = Release|Win32
		{7440F877-76BB-47DA-BFD8-9E24309CAFBD}.Template|x64.ActiveCfg = Release|Win32
		{7440F877-76BB-47DA-BFD8-9E24309CAFBD}.Template|x64.Build.0 = Release|Win32
		{7440F877-76BB-47DA-BFD8-9E24309CAFBD}.Template|x86.ActiveCfg = Release|Win32
		{7440F877-76BB-47DA-BFD8-9E24309CAFBD}.Template|x86.Build.0 = Release|Win32
		{CD6F8C31-A838-4B98-9730-447231A51AA8}.Debug|Win32.ActiveCfg = Debug|Win32
		{CD6F8C31-A838-4B98-9730-447231A51AA8}.Debug|Win32.Build.0 = Debug|Win32
		{CD6F8C31-A838-4B98-9730-447231A51AA8}.Debug|x64.ActiveCfg = Debug|Win32
		{CD6F8C31-A838-4B98-9730-447231A51AA8}.Debug|x86.ActiveCfg = Debug|Win32
		{CD6F8C31-A838-4B98-9730-447231A51AA8}.Debug|x86.Build.0 = Debug|Win32
		{CD6F8C31-A838-4B98-9730-447231A51AA8}.Release|Win32.ActiveCfg = Release|Win32
		{CD6F8C31-A838-4B98-9730-447231A51AA8}.Release|Win32.Build.0 = Release|Win32
		{CD6F8C31-A838-4B98-9730-447231A51AA8}.Release|x64.ActiveCfg = Release|Win32
		{CD6F8C31-A838-4B98-9730-447231A51AA8}.Release|x86.ActiveCfg = Release|Win32
		{CD6F8C31-A838-4B98-9730-447231A51AA8}.Release|x86.Build.0 = Release|Win32
		{CD6F8C31-A838-4B98-9730-447231A51AA8}.Template|Win32.ActiveCfg = Template|Win32
		{CD6F8C31-A838-4B98-9730-447231A51AA8}.Template|Win32.Build.0 = Template|Win32
		{CD6F8C31-A838-4B98-9730-447231A51AA8}.Template|x64.ActiveCfg = Template|Win32
		{CD6F8C31-A838-4B98-9730-447231A51AA8}.Template|x86.ActiveCfg = Template|Win32
		{CD6F8C31-A838-4B98-9730-447231A51AA8}.Template|x86.Build.0 = Template|Win32
		{32B217D8-768A-4D79-ADBB-357622B4EDDE}.Debug|Win32.ActiveCfg = Debug|Win32
		{32B217D8-768A-4D79-ADBB-357622B4EDDE}.Debug|Win32.Build.0 = Debug|Win32
		{32B217D8-768A-4D79-ADBB-357622B4EDDE}.Debug|x64.ActiveCfg = Debug|Win32
		{32B217D8-768A-4D79-ADBB-357622B4EDDE}.Debug|x86.ActiveCfg = Debug|Win32
		{32B217D8-768A-4D79-ADBB-357622B4EDDE}.Debug|x86.Build.0 = Debug|Win32
		{32B217D8-768A-4D79-ADBB-357622B4EDDE}.Release|Win32.ActiveCfg = Release|Win32
		{32B217D8-768A-4D79-ADBB-357622B4EDDE}.Release|Win32.Build.0 = Release|Win32
		{32B217D8-768A-4D79-ADBB-357622B4EDDE}.Release|x64.ActiveCfg = Release|Win32
		{32B217D8-768A-4D79-ADBB-357622B4EDDE}.Release|x86.ActiveCfg = Release|Win32
		{32B217D8-768A-4D79-ADBB-357622B4EDDE}.Release|x86.Build.0 = Release|Win32
		{32B217D8-768A-4D79-ADBB-357622B4EDDE}.Template|Win32.ActiveCfg = Release|Win32
		{32B217D8-768A-4D79-ADBB-357622B4EDDE}.Template|Win32.Build.0 = Release|Win32
		{32B217D8-768A-4D79-ADBB-357622B4EDDE}.Template|x64.ActiveCfg = Release|Win32
		{32B217D8-768A-4D79-ADBB-357622B4EDDE}.Template|x64.Build.0 = Release|Win32
		{32B217D8-768A-4D79-ADBB-357622B4EDDE}.Template|x86.ActiveCfg = Release|Win32
		{32B217D8-768A-4D79-ADBB-357622B4EDDE}.Template|x86.Build.0 = Release|Win32
		{A97C32F8-A121-4284-B82D-2FC021F8BD0B}.Debug|Win32.ActiveCfg = Debug|Win32
		{A97C32F8-A121-4284-B82D-2FC021F8BD0B}.Debug|Win32.Build.0 = Debug|Win32
		{A97C32F8-A121-4284-B82D-2FC021F8BD0B}.Debug|x64.ActiveCfg = Debug|Win32
		{A97C32F8-A121-4284-B82D-2FC021F8BD0B}.Debug|x86.ActiveCfg = Debug|Win32
		{A97C32F8-A121-4284-B82D-2FC021F8BD0B}.Debug|x86.Build.0 = Debug|Win32
		{A97C32F8-A121-4284-B82D-2FC021F8BD0B}.Release|Win32.ActiveCfg = Release|Win32
		{A97C32F8-A121-4284-B82D-2FC021F8BD0B}.Release|Win32.Build.0 = Release|Win32
		{A97C32F8-A121-4284-B82D-2FC021F8BD0B}.Release|x64.ActiveCfg = Release|Win32
		{A97C32F8-A121-4284-B82D-2FC021F8BD0B}.Release|x86.ActiveCfg = Release|Win32
		{A97C32F8-A121-4284-B82D-2FC021F8BD0B}.Release|x86.Build.0 = Release|Win32
		{A97C32F8-A121-4284-B82D-2FC021F8BD0B}.Template|Win32.ActiveCfg = Release|Win32
		{A97C32F8-A121-4284-B82D-2FC021F8BD0B}.Template|Win32.Build.0 = Release|Win32
		{A97C32F8-A121-4284-B82D-2FC021F8BD0B}.Template|x64.ActiveCfg = Release|Win32
		{A97C32F8-A121-4284-B82D-2FC021F8BD0B}.Template|x64.Build.0 = Release|Win32
		{A97C32F8-A121-4284-B82D-2FC021F8BD0B}.Template|x86.ActiveCfg = Release|Win32
		{A97C32F8-A121-4284-B82D-2FC021F8BD0B}.Template|x86.Build.0 = Release|Win32
		{7964BFCC-88CE-487B-B82A-B9CDD63EDF2F}.Debug|Win32.ActiveCfg = Debug|Win32
		{7964BFCC-88CE-487B-B82A-B9CDD63EDF2F}.Debug|Win32.Build.0 = Debug|Win32
		{7964BFCC-88CE-487B-B82A-B9CDD63EDF2F}.Debug|x64.ActiveCfg = Debug|x64
		{7964BFCC-88CE-487B-B82A-B9CDD63EDF2F}.Debug|x64.Build.0 = Debug|x64
		{7964BFCC-88CE-487B-B82A-B9CDD63EDF2F}.Debug|x86.ActiveCfg = Debug|Win32
		{7964BFCC-88CE-487B-B82A-B9CDD63EDF2F}.Debug|x86.Build.0 = Debug|Win32
		{7964BFCC-88CE-487B-B82A-B9CDD63EDF2F}.Release|Win32.ActiveCfg = Release|Win32
		{7964BFCC-88CE-487B-B82A-B9CDD63EDF2F}.Release|Win32.Build.0 = Release|Win32
		{7964BFCC-88CE-487B-B82A-B9CDD63EDF2F}.Release|x64.ActiveCfg = Release|x64
		{7964BFCC-88CE-487B-B82A-B9CDD63EDF2F}.Release|x64.Build.0 = Release|x64
		{7964BFCC-88CE-487B-B82A-B9CDD63EDF2F}.Release|x86.ActiveCfg = Release|Win32
		{7964BFCC-88CE-487B-B82A-B9CDD63EDF2F}.Release|x86.Build.0 = Release|Win32
		{7964BFCC-88CE-487B-B82A-B9CDD63EDF2F}.Template|Win32.ActiveCfg = Release|Win32
		{7964BFCC-88CE-487B-B82A-B9CDD63EDF2F}.Template|Win32.Build.0 = Release|Win32
		{7964BFCC-88CE-487B-B82A-B9CDD63EDF2F}.Template|x64.ActiveCfg = Release|x64
		{7964BFCC-88CE-487B-B82A-B9CDD63EDF2F}.Template|x64.Build.0 = Release|x64
		{7964BFCC-88CE-487B-B82A-B9CDD63EDF2F}.Template|x86.ActiveCfg = Release|Win32
		{7964BFCC-88CE-487B-B82A-B9CDD63EDF2F}.Template|x86.Build.0 = Release|Win32
	EndGlobalSection
	GlobalSection(SolutionProperties) = preSolution
		HideSolutionNode = FALSE
	EndGlobalSection
	GlobalSection(ExtensibilityGlobals) = postSolution
		SolutionGuid = {3996ED28-35C4-4CAA-AB19-D0F4848CD63F}
	EndGlobalSection
EndGlobal
